// !$*UTF8*$!
{
	archiveVersion = 1;
	classes = {
	};
	objectVersion = 56;
	objects = {

/* Begin PBXBuildFile section */
		520FF68C28FF054900E7A5E3 /* AppDelegate.swift in Sources */ = {isa = PBXBuildFile; fileRef = 520FF68B28FF054900E7A5E3 /* AppDelegate.swift */; };
		520FF68E28FF054900E7A5E3 /* SceneDelegate.swift in Sources */ = {isa = PBXBuildFile; fileRef = 520FF68D28FF054900E7A5E3 /* SceneDelegate.swift */; };
		520FF69328FF054900E7A5E3 /* Main.storyboard in Resources */ = {isa = PBXBuildFile; fileRef = 520FF69128FF054900E7A5E3 /* Main.storyboard */; };
		520FF69528FF054B00E7A5E3 /* Assets.xcassets in Resources */ = {isa = PBXBuildFile; fileRef = 520FF69428FF054B00E7A5E3 /* Assets.xcassets */; };
		520FF69828FF054B00E7A5E3 /* LaunchScreen.storyboard in Resources */ = {isa = PBXBuildFile; fileRef = 520FF69628FF054B00E7A5E3 /* LaunchScreen.storyboard */; };
		520FF6A028FF05B800E7A5E3 /* Person.swift in Sources */ = {isa = PBXBuildFile; fileRef = 520FF69F28FF05B800E7A5E3 /* Person.swift */; };
		520FF6A428FF1BA700E7A5E3 /* ContactTableViewController.swift in Sources */ = {isa = PBXBuildFile; fileRef = 520FF6A328FF1BA700E7A5E3 /* ContactTableViewController.swift */; };
		520FF6A828FF201A00E7A5E3 /* TabBarViewController.swift in Sources */ = {isa = PBXBuildFile; fileRef = 520FF6A728FF201A00E7A5E3 /* TabBarViewController.swift */; };
		521AC2BD290033D200A21DE1 /* DataSource.swift in Sources */ = {isa = PBXBuildFile; fileRef = 521AC2BC290033D200A21DE1 /* DataSource.swift */; };
		521AC2C029003A1300A21DE1 /* DetailedInfoViewController.swift in Sources */ = {isa = PBXBuildFile; fileRef = 521AC2BF29003A1300A21DE1 /* DetailedInfoViewController.swift */; };
		521AC2C42900557300A21DE1 /* PersonSectionTableViewController.swift in Sources */ = {isa = PBXBuildFile; fileRef = 521AC2C32900557300A21DE1 /* PersonSectionTableViewController.swift */; };
/* End PBXBuildFile section */

/* Begin PBXFileReference section */
		520FF68828FF054900E7A5E3 /* ContactList.app */ = {isa = PBXFileReference; explicitFileType = wrapper.application; includeInIndex = 0; path = ContactList.app; sourceTree = BUILT_PRODUCTS_DIR; };
		520FF68B28FF054900E7A5E3 /* AppDelegate.swift */ = {isa = PBXFileReference; lastKnownFileType = sourcecode.swift; path = AppDelegate.swift; sourceTree = "<group>"; };
		520FF68D28FF054900E7A5E3 /* SceneDelegate.swift */ = {isa = PBXFileReference; lastKnownFileType = sourcecode.swift; path = SceneDelegate.swift; sourceTree = "<group>"; };
		520FF69228FF054900E7A5E3 /* Base */ = {isa = PBXFileReference; lastKnownFileType = file.storyboard; name = Base; path = Base.lproj/Main.storyboard; sourceTree = "<group>"; };
		520FF69428FF054B00E7A5E3 /* Assets.xcassets */ = {isa = PBXFileReference; lastKnownFileType = folder.assetcatalog; path = Assets.xcassets; sourceTree = "<group>"; };
		520FF69728FF054B00E7A5E3 /* Base */ = {isa = PBXFileReference; lastKnownFileType = file.storyboard; name = Base; path = Base.lproj/LaunchScreen.storyboard; sourceTree = "<group>"; };
		520FF69928FF054B00E7A5E3 /* Info.plist */ = {isa = PBXFileReference; lastKnownFileType = text.plist.xml; path = Info.plist; sourceTree = "<group>"; };
		520FF69F28FF05B800E7A5E3 /* Person.swift */ = {isa = PBXFileReference; lastKnownFileType = sourcecode.swift; path = Person.swift; sourceTree = "<group>"; };
		520FF6A328FF1BA700E7A5E3 /* ContactTableViewController.swift */ = {isa = PBXFileReference; lastKnownFileType = sourcecode.swift; path = ContactTableViewController.swift; sourceTree = "<group>"; };
		520FF6A728FF201A00E7A5E3 /* TabBarViewController.swift */ = {isa = PBXFileReference; lastKnownFileType = sourcecode.swift; path = TabBarViewController.swift; sourceTree = "<group>"; };
		521AC2BC290033D200A21DE1 /* DataSource.swift */ = {isa = PBXFileReference; lastKnownFileType = sourcecode.swift; path = DataSource.swift; sourceTree = "<group>"; };
		521AC2BF29003A1300A21DE1 /* DetailedInfoViewController.swift */ = {isa = PBXFileReference; lastKnownFileType = sourcecode.swift; path = DetailedInfoViewController.swift; sourceTree = "<group>"; };
		521AC2C32900557300A21DE1 /* PersonSectionTableViewController.swift */ = {isa = PBXFileReference; lastKnownFileType = sourcecode.swift; path = PersonSectionTableViewController.swift; sourceTree = "<group>"; };
/* End PBXFileReference section */

/* Begin PBXFrameworksBuildPhase section */
		520FF68528FF054900E7A5E3 /* Frameworks */ = {
			isa = PBXFrameworksBuildPhase;
			buildActionMask = 2147483647;
			files = (
			);
			runOnlyForDeploymentPostprocessing = 0;
		};
/* End PBXFrameworksBuildPhase section */

/* Begin PBXGroup section */
		520FF67F28FF054900E7A5E3 = {
			isa = PBXGroup;
			children = (
				520FF68A28FF054900E7A5E3 /* ContactList */,
				520FF68928FF054900E7A5E3 /* Products */,
			);
			sourceTree = "<group>";
		};
		520FF68928FF054900E7A5E3 /* Products */ = {
			isa = PBXGroup;
			children = (
				520FF68828FF054900E7A5E3 /* ContactList.app */,
			);
			name = Products;
			sourceTree = "<group>";
		};
		520FF68A28FF054900E7A5E3 /* ContactList */ = {
			isa = PBXGroup;
			children = (
				527957B9290086D3004ADF8F /* App */,
				527957B8290086C0004ADF8F /* Storyboards */,
				521AC2BE2900399E00A21DE1 /* ViewControllers */,
				521AC2BB290033B800A21DE1 /* Resources */,
				521AC2BA290033AC00A21DE1 /* Models */,
				520FF69428FF054B00E7A5E3 /* Assets.xcassets */,
			);
			path = ContactList;
			sourceTree = "<group>";
		};
		521AC2BA290033AC00A21DE1 /* Models */ = {
			isa = PBXGroup;
			children = (
				520FF69F28FF05B800E7A5E3 /* Person.swift */,
			);
			path = Models;
			sourceTree = "<group>";
		};
		521AC2BB290033B800A21DE1 /* Resources */ = {
			isa = PBXGroup;
			children = (
				521AC2BC290033D200A21DE1 /* DataSource.swift */,
			);
			path = Resources;
			sourceTree = "<group>";
		};
		521AC2BE2900399E00A21DE1 /* ViewControllers */ = {
			isa = PBXGroup;
			children = (
				520FF6A728FF201A00E7A5E3 /* TabBarViewController.swift */,
				520FF6A328FF1BA700E7A5E3 /* ContactTableViewController.swift */,
				521AC2C32900557300A21DE1 /* PersonSectionTableViewController.swift */,
				521AC2BF29003A1300A21DE1 /* DetailedInfoViewController.swift */,
			);
			path = ViewControllers;
			sourceTree = "<group>";
		};
		527957B8290086C0004ADF8F /* Storyboards */ = {
			isa = PBXGroup;
			children = (
				520FF69628FF054B00E7A5E3 /* LaunchScreen.storyboard */,
				520FF69128FF054900E7A5E3 /* Main.storyboard */,
			);
			path = Storyboards;
			sourceTree = "<group>";
		};
		527957B9290086D3004ADF8F /* App */ = {
			isa = PBXGroup;
			children = (
				520FF68B28FF054900E7A5E3 /* AppDelegate.swift */,
				520FF68D28FF054900E7A5E3 /* SceneDelegate.swift */,
				520FF69928FF054B00E7A5E3 /* Info.plist */,
			);
			path = App;
			sourceTree = "<group>";
		};
/* End PBXGroup section */

/* Begin PBXNativeTarget section */
		520FF68728FF054900E7A5E3 /* ContactList */ = {
			isa = PBXNativeTarget;
			buildConfigurationList = 520FF69C28FF054B00E7A5E3 /* Build configuration list for PBXNativeTarget "ContactList" */;
			buildPhases = (
				520FF68428FF054900E7A5E3 /* Sources */,
				520FF68528FF054900E7A5E3 /* Frameworks */,
				520FF68628FF054900E7A5E3 /* Resources */,
			);
			buildRules = (
			);
			dependencies = (
			);
			name = ContactList;
			productName = ContactList;
			productReference = 520FF68828FF054900E7A5E3 /* ContactList.app */;
			productType = "com.apple.product-type.application";
		};
/* End PBXNativeTarget section */

/* Begin PBXProject section */
		520FF68028FF054900E7A5E3 /* Project object */ = {
			isa = PBXProject;
			attributes = {
				BuildIndependentTargetsInParallel = 1;
				LastSwiftUpdateCheck = 1400;
				LastUpgradeCheck = 1400;
				TargetAttributes = {
					520FF68728FF054900E7A5E3 = {
						CreatedOnToolsVersion = 14.0;
					};
				};
			};
			buildConfigurationList = 520FF68328FF054900E7A5E3 /* Build configuration list for PBXProject "ContactList" */;
			compatibilityVersion = "Xcode 14.0";
			developmentRegion = en;
			hasScannedForEncodings = 0;
			knownRegions = (
				en,
				Base,
			);
			mainGroup = 520FF67F28FF054900E7A5E3;
			productRefGroup = 520FF68928FF054900E7A5E3 /* Products */;
			projectDirPath = "";
			projectRoot = "";
			targets = (
				520FF68728FF054900E7A5E3 /* ContactList */,
			);
		};
/* End PBXProject section */

/* Begin PBXResourcesBuildPhase section */
		520FF68628FF054900E7A5E3 /* Resources */ = {
			isa = PBXResourcesBuildPhase;
			buildActionMask = 2147483647;
			files = (
				520FF69828FF054B00E7A5E3 /* LaunchScreen.storyboard in Resources */,
				520FF69528FF054B00E7A5E3 /* Assets.xcassets in Resources */,
				520FF69328FF054900E7A5E3 /* Main.storyboard in Resources */,
			);
			runOnlyForDeploymentPostprocessing = 0;
		};
/* End PBXResourcesBuildPhase section */

/* Begin PBXSourcesBuildPhase section */
		520FF68428FF054900E7A5E3 /* Sources */ = {
			isa = PBXSourcesBuildPhase;
			buildActionMask = 2147483647;
			files = (
				521AC2BD290033D200A21DE1 /* DataSource.swift in Sources */,
				520FF6A428FF1BA700E7A5E3 /* ContactTableViewController.swift in Sources */,
				521AC2C029003A1300A21DE1 /* DetailedInfoViewController.swift in Sources */,
				520FF68C28FF054900E7A5E3 /* AppDelegate.swift in Sources */,
				520FF6A028FF05B800E7A5E3 /* Person.swift in Sources */,
				520FF6A828FF201A00E7A5E3 /* TabBarViewController.swift in Sources */,
				520FF68E28FF054900E7A5E3 /* SceneDelegate.swift in Sources */,
				521AC2C42900557300A21DE1 /* PersonSectionTableViewController.swift in Sources */,
			);
			runOnlyForDeploymentPostprocessing = 0;
		};
/* End PBXSourcesBuildPhase section */

/* Begin PBXVariantGroup section */
		520FF69128FF054900E7A5E3 /* Main.storyboard */ = {
			isa = PBXVariantGroup;
			children = (
				520FF69228FF054900E7A5E3 /* Base */,
			);
			name = Main.storyboard;
			sourceTree = "<group>";
		};
		520FF69628FF054B00E7A5E3 /* LaunchScreen.storyboard */ = {
			isa = PBXVariantGroup;
			children = (
				520FF69728FF054B00E7A5E3 /* Base */,
			);
			name = LaunchScreen.storyboard;
			sourceTree = "<group>";
		};
/* End PBXVariantGroup section */

/* Begin XCBuildConfiguration section */
		520FF69A28FF054B00E7A5E3 /* Debug */ = {
			isa = XCBuildConfiguration;
			buildSettings = {
				ALWAYS_SEARCH_USER_PATHS = NO;
				CLANG_ANALYZER_NONNULL = YES;
				CLANG_ANALYZER_NUMBER_OBJECT_CONVERSION = YES_AGGRESSIVE;
				CLANG_CXX_LANGUAGE_STANDARD = "gnu++20";
				CLANG_ENABLE_MODULES = YES;
				CLANG_ENABLE_OBJC_ARC = YES;
				CLANG_ENABLE_OBJC_WEAK = YES;
				CLANG_WARN_BLOCK_CAPTURE_AUTORELEASING = YES;
				CLANG_WARN_BOOL_CONVERSION = YES;
				CLANG_WARN_COMMA = YES;
				CLANG_WARN_CONSTANT_CONVERSION = YES;
				CLANG_WARN_DEPRECATED_OBJC_IMPLEMENTATIONS = YES;
				CLANG_WARN_DIRECT_OBJC_ISA_USAGE = YES_ERROR;
				CLANG_WARN_DOCUMENTATION_COMMENTS = YES;
				CLANG_WARN_EMPTY_BODY = YES;
				CLANG_WARN_ENUM_CONVERSION = YES;
				CLANG_WARN_INFINITE_RECURSION = YES;
				CLANG_WARN_INT_CONVERSION = YES;
				CLANG_WARN_NON_LITERAL_NULL_CONVERSION = YES;
				CLANG_WARN_OBJC_IMPLICIT_RETAIN_SELF = YES;
				CLANG_WARN_OBJC_LITERAL_CONVERSION = YES;
				CLANG_WARN_OBJC_ROOT_CLASS = YES_ERROR;
				CLANG_WARN_QUOTED_INCLUDE_IN_FRAMEWORK_HEADER = YES;
				CLANG_WARN_RANGE_LOOP_ANALYSIS = YES;
				CLANG_WARN_STRICT_PROTOTYPES = YES;
				CLANG_WARN_SUSPICIOUS_MOVE = YES;
				CLANG_WARN_UNGUARDED_AVAILABILITY = YES_AGGRESSIVE;
				CLANG_WARN_UNREACHABLE_CODE = YES;
				CLANG_WARN__DUPLICATE_METHOD_MATCH = YES;
				COPY_PHASE_STRIP = NO;
				DEBUG_INFORMATION_FORMAT = dwarf;
				ENABLE_STRICT_OBJC_MSGSEND = YES;
				ENABLE_TESTABILITY = YES;
				GCC_C_LANGUAGE_STANDARD = gnu11;
				GCC_DYNAMIC_NO_PIC = NO;
				GCC_NO_COMMON_BLOCKS = YES;
				GCC_OPTIMIZATION_LEVEL = 0;
				GCC_PREPROCESSOR_DEFINITIONS = (
					"DEBUG=1",
					"$(inherited)",
				);
				GCC_WARN_64_TO_32_BIT_CONVERSION = YES;
				GCC_WARN_ABOUT_RETURN_TYPE = YES_ERROR;
				GCC_WARN_UNDECLARED_SELECTOR = YES;
				GCC_WARN_UNINITIALIZED_AUTOS = YES_AGGRESSIVE;
				GCC_WARN_UNUSED_FUNCTION = YES;
				GCC_WARN_UNUSED_VARIABLE = YES;
				IPHONEOS_DEPLOYMENT_TARGET = 16.0;
				MTL_ENABLE_DEBUG_INFO = INCLUDE_SOURCE;
				MTL_FAST_MATH = YES;
				ONLY_ACTIVE_ARCH = YES;
				SDKROOT = iphoneos;
				SWIFT_ACTIVE_COMPILATION_CONDITIONS = DEBUG;
				SWIFT_OPTIMIZATION_LEVEL = "-Onone";
			};
			name = Debug;
		};
		520FF69B28FF054B00E7A5E3 /* Release */ = {
			isa = XCBuildConfiguration;
			buildSettings = {
				ALWAYS_SEARCH_USER_PATHS = NO;
				CLANG_ANALYZER_NONNULL = YES;
				CLANG_ANALYZER_NUMBER_OBJECT_CONVERSION = YES_AGGRESSIVE;
				CLANG_CXX_LANGUAGE_STANDARD = "gnu++20";
				CLANG_ENABLE_MODULES = YES;
				CLANG_ENABLE_OBJC_ARC = YES;
				CLANG_ENABLE_OBJC_WEAK = YES;
				CLANG_WARN_BLOCK_CAPTURE_AUTORELEASING = YES;
				CLANG_WARN_BOOL_CONVERSION = YES;
				CLANG_WARN_COMMA = YES;
				CLANG_WARN_CONSTANT_CONVERSION = YES;
				CLANG_WARN_DEPRECATED_OBJC_IMPLEMENTATIONS = YES;
				CLANG_WARN_DIRECT_OBJC_ISA_USAGE = YES_ERROR;
				CLANG_WARN_DOCUMENTATION_COMMENTS = YES;
				CLANG_WARN_EMPTY_BODY = YES;
				CLANG_WARN_ENUM_CONVERSION = YES;
				CLANG_WARN_INFINITE_RECURSION = YES;
				CLANG_WARN_INT_CONVERSION = YES;
				CLANG_WARN_NON_LITERAL_NULL_CONVERSION = YES;
				CLANG_WARN_OBJC_IMPLICIT_RETAIN_SELF = YES;
				CLANG_WARN_OBJC_LITERAL_CONVERSION = YES;
				CLANG_WARN_OBJC_ROOT_CLASS = YES_ERROR;
				CLANG_WARN_QUOTED_INCLUDE_IN_FRAMEWORK_HEADER = YES;
				CLANG_WARN_RANGE_LOOP_ANALYSIS = YES;
				CLANG_WARN_STRICT_PROTOTYPES = YES;
				CLANG_WARN_SUSPICIOUS_MOVE = YES;
				CLANG_WARN_UNGUARDED_AVAILABILITY = YES_AGGRESSIVE;
				CLANG_WARN_UNREACHABLE_CODE = YES;
				CLANG_WARN__DUPLICATE_METHOD_MATCH = YES;
				COPY_PHASE_STRIP = NO;
				DEBUG_INFORMATION_FORMAT = "dwarf-with-dsym";
				ENABLE_NS_ASSERTIONS = NO;
				ENABLE_STRICT_OBJC_MSGSEND = YES;
				GCC_C_LANGUAGE_STANDARD = gnu11;
				GCC_NO_COMMON_BLOCKS = YES;
				GCC_WARN_64_TO_32_BIT_CONVERSION = YES;
				GCC_WARN_ABOUT_RETURN_TYPE = YES_ERROR;
				GCC_WARN_UNDECLARED_SELECTOR = YES;
				GCC_WARN_UNINITIALIZED_AUTOS = YES_AGGRESSIVE;
				GCC_WARN_UNUSED_FUNCTION = YES;
				GCC_WARN_UNUSED_VARIABLE = YES;
				IPHONEOS_DEPLOYMENT_TARGET = 16.0;
				MTL_ENABLE_DEBUG_INFO = NO;
				MTL_FAST_MATH = YES;
				SDKROOT = iphoneos;
				SWIFT_COMPILATION_MODE = wholemodule;
				SWIFT_OPTIMIZATION_LEVEL = "-O";
				VALIDATE_PRODUCT = YES;
			};
			name = Release;
		};
		520FF69D28FF054B00E7A5E3 /* Debug */ = {
			isa = XCBuildConfiguration;
			buildSettings = {
				ASSETCATALOG_COMPILER_APPICON_NAME = AppIcon;
				ASSETCATALOG_COMPILER_GLOBAL_ACCENT_COLOR_NAME = AccentColor;
				CODE_SIGN_STYLE = Automatic;
				CURRENT_PROJECT_VERSION = 1;
				DEVELOPMENT_TEAM = RT53XMPLTN;
				GENERATE_INFOPLIST_FILE = YES;
				INFOPLIST_FILE = ContactList/App/Info.plist;
				INFOPLIST_KEY_UIApplicationSupportsIndirectInputEvents = YES;
				INFOPLIST_KEY_UILaunchStoryboardName = LaunchScreen;
				INFOPLIST_KEY_UIMainStoryboardFile = Main;
				INFOPLIST_KEY_UISupportedInterfaceOrientations = UIInterfaceOrientationPortrait;
				INFOPLIST_KEY_UISupportedInterfaceOrientations_iPad = "UIInterfaceOrientationLandscapeLeft UIInterfaceOrientationLandscapeRight UIInterfaceOrientationPortrait UIInterfaceOrientationPortraitUpsideDown";
				LD_RUNPATH_SEARCH_PATHS = (
					"$(inherited)",
					"@executable_path/Frameworks",
				);
				MARKETING_VERSION = 1.0;
				PRODUCT_BUNDLE_IDENTIFIER = "Leonid-Gorbunov.ContactList";
				PRODUCT_NAME = "$(TARGET_NAME)";
				SUPPORTED_PLATFORMS = "iphoneos iphonesimulator";
				SUPPORTS_MACCATALYST = NO;
				SUPPORTS_MAC_DESIGNED_FOR_IPHONE_IPAD = NO;
				SWIFT_EMIT_LOC_STRINGS = YES;
				SWIFT_VERSION = 5.0;
				TARGETED_DEVICE_FAMILY = 1;
			};
			name = Debug;
		};
		520FF69E28FF054B00E7A5E3 /* Release */ = {
			isa = XCBuildConfiguration;
			buildSettings = {
				ASSETCATALOG_COMPILER_APPICON_NAME = AppIcon;
				ASSETCATALOG_COMPILER_GLOBAL_ACCENT_COLOR_NAME = AccentColor;
				CODE_SIGN_STYLE = Automatic;
				CURRENT_PROJECT_VERSION = 1;
				DEVELOPMENT_TEAM = RT53XMPLTN;
				GENERATE_INFOPLIST_FILE = YES;
				INFOPLIST_FILE = ContactList/App/Info.plist;
				INFOPLIST_KEY_UIApplicationSupportsIndirectInputEvents = YES;
				INFOPLIST_KEY_UILaunchStoryboardName = LaunchScreen;
				INFOPLIST_KEY_UIMainStoryboardFile = Main;
				INFOPLIST_KEY_UISupportedInterfaceOrientations = UIInterfaceOrientationPortrait;
				INFOPLIST_KEY_UISupportedInterfaceOrientations_iPad = "UIInterfaceOrientationLandscapeLeft UIInterfaceOrientationLandscapeRight UIInterfaceOrientationPortrait UIInterfaceOrientationPortraitUpsideDown";
				LD_RUNPATH_SEARCH_PATHS = (
					"$(inherited)",
					"@executable_path/Frameworks",
				);
				MARKETING_VERSION = 1.0;
				PRODUCT_BUNDLE_IDENTIFIER = "Leonid-Gorbunov.ContactList";
				PRODUCT_NAME = "$(TARGET_NAME)";
				SUPPORTED_PLATFORMS = "iphoneos iphonesimulator";
				SUPPORTS_MACCATALYST = NO;
				SUPPORTS_MAC_DESIGNED_FOR_IPHONE_IPAD = NO;
				SWIFT_EMIT_LOC_STRINGS = YES;
				SWIFT_VERSION = 5.0;
				TARGETED_DEVICE_FAMILY = 1;
			};
			name = Release;
		};
/* End XCBuildConfiguration section */

/* Begin XCConfigurationList section */
		520FF68328FF054900E7A5E3 /* Build configuration list for PBXProject "ContactList" */ = {
			isa = XCConfigurationList;
			buildConfigurations = (
				520FF69A28FF054B00E7A5E3 /* Debug */,
				520FF69B28FF054B00E7A5E3 /* Release */,
			);
			defaultConfigurationIsVisible = 0;
			defaultConfigurationName = Release;
		};
		520FF69C28FF054B00E7A5E3 /* Build configuration list for PBXNativeTarget "ContactList" */ = {
			isa = XCConfigurationList;
			buildConfigurations = (
				520FF69D28FF054B00E7A5E3 /* Debug */,
				520FF69E28FF054B00E7A5E3 /* Release */,
			);
			defaultConfigurationIsVisible = 0;
			defaultConfigurationName = Release;
		};
/* End XCConfigurationList section */
	};
	rootObject = 520FF68028FF054900E7A5E3 /* Project object */;
}
